
Microsoft Visual Studio Solution File, Format Version 12.00
# Visual Studio Version 17
VisualStudioVersion = 17.2.32616.157
MinimumVisualStudioVersion = 10.0.40219.1
Project("{FAE04EC0-301F-11D3-BF4B-00C04F79EFBC}") = "ProgrammingWithMonash", "ProgrammingWithMonash.csproj", "{0B8E025B-7791-496D-90ED-DF1751B93BA3}"
EndProject
Global
	GlobalSection(SolutionConfigurationPlatforms) = preSolution
		Debug|Any CPU = Debug|Any CPU
		Release|Any CPU = Release|Any CPU
	EndGlobalSection
	GlobalSection(ProjectConfigurationPlatforms) = postSolution
		{0B8E025B-7791-496D-90ED-DF1751B93BA3}.Debug|Any CPU.ActiveCfg = Debug|Any CPU
		{0B8E025B-7791-496D-90ED-DF1751B93BA3}.Debug|Any CPU.Build.0 = Debug|Any CPU
		{0B8E025B-7791-496D-90ED-DF1751B93BA3}.Release|Any CPU.ActiveCfg = Release|Any CPU
		{0B8E025B-7791-496D-90ED-DF1751B93BA3}.Release|Any CPU.Build.0 = Release|Any CPU
	EndGlobalSection
	GlobalSection(SolutionProperties) = preSolution
		HideSolutionNode = FALSE
	EndGlobalSection
	GlobalSection(ExtensibilityGlobals) = postSolution
		SolutionGuid = {61881E16-503B-4B46-A009-C633DC7D9992}
	EndGlobalSection
EndGlobal
